
Microsoft Visual Studio Solution File, Format Version 12.00
# Visual Studio Version 16
VisualStudioVersion = 16.0.34031.81
MinimumVisualStudioVersion = 10.0.40219.1
Project("{2150E333-8FDC-42A3-9474-1A3956D46DE8}") = "Task0", "Task0", "{4D6832B0-7D70-45DB-8F10-5516E71C3706}"
EndProject
Project("{FAE04EC0-301F-11D3-BF4B-00C04F79EFBC}") = "Tyuiu.IvanovSI.Sprint2.Task0.V8.Test", "Tyuiu.IvanovSI.Sprint2.Task0.V8.Test\Tyuiu.IvanovSI.Sprint2.Task0.V8.Test.csproj", "{2644D78E-E9CE-4112-890A-5E9200AAE69A}"
EndProject
Project("{FAE04EC0-301F-11D3-BF4B-00C04F79EFBC}") = "Tyuiu.IvanovSI.Sprint2.Task0.V8.Lib", "Tyuiu.IvanovSI.Sprint2.Task0.V8.Lib\Tyuiu.IvanovSI.Sprint2.Task0.V8.Lib.csproj", "{559E48D6-CFA3-4A56-9E60-B7BDFAE8981A}"
EndProject
Project("{FAE04EC0-301F-11D3-BF4B-00C04F79EFBC}") = "Tyuiu.IvanovSI.Sprint2.Task0.V8", "Tyuiu.IvanovSI.Sprint2.Task0.V8\Tyuiu.IvanovSI.Sprint2.Task0.V8.csproj", "{2C7711AB-D624-4784-A449-8471599B666B}"
EndProject
Project("{2150E333-8FDC-42A3-9474-1A3956D46DE8}") = "Task1", "Task1", "{3078135D-2844-470E-BA33-E58031EA913D}"
EndProject
Project("{FAE04EC0-301F-11D3-BF4B-00C04F79EFBC}") = "Tyuiu.IvanovSI.Sprint2.Task1.V11", "Tyuiu.IvanovSI.Sprint2.Task1.V11\Tyuiu.IvanovSI.Sprint2.Task1.V11.csproj", "{1FB29565-8452-4291-B118-939C916FB17A}"
EndProject
Project("{FAE04EC0-301F-11D3-BF4B-00C04F79EFBC}") = "Tyuiu.IvanovSI.Sprint2.Task1.V11.Lib", "Tyuiu.IvanovSI.Sprint2.Task1.V11.Lib\Tyuiu.IvanovSI.Sprint2.Task1.V11.Lib.csproj", "{FC0317C5-CE8C-4323-9CF5-5A49A7AD6B6C}"
EndProject
Project("{FAE04EC0-301F-11D3-BF4B-00C04F79EFBC}") = "Tyuiu.IvanovSI.Sprint2.Task1.V11.Test", "Tyuiu.IvanovSI.Sprint2.Task1.V11.Test\Tyuiu.IvanovSI.Sprint2.Task1.V11.Test.csproj", "{2459E4F7-20B4-4A0A-960F-B9029B8FE836}"
EndProject
Project("{2150E333-8FDC-42A3-9474-1A3956D46DE8}") = "Task2", "Task2", "{DB8B5437-B8C0-4761-87AA-D90B312C283D}"
EndProject
Project("{FAE04EC0-301F-11D3-BF4B-00C04F79EFBC}") = "Tyuiu.IvanovSI.Sprint2.Task2.V23", "Tyuiu.IvanovSI.Sprint2.Task2.V23\Tyuiu.IvanovSI.Sprint2.Task2.V23.csproj", "{1666B356-6C00-4FF1-86D6-754A57710744}"
EndProject
Project("{FAE04EC0-301F-11D3-BF4B-00C04F79EFBC}") = "Tyuiu.IvanovSI.Sprint2.Task2.V23.Test", "Tyuiu.IvanovSI.Sprint2.Task2.V23.Test\Tyuiu.IvanovSI.Sprint2.Task2.V23.Test.csproj", "{C15EA348-2536-4096-87D4-CC5E16D00A60}"
EndProject
Project("{FAE04EC0-301F-11D3-BF4B-00C04F79EFBC}") = "Tyuiu.IvanovSI.Sprint2.Task2.V23.Lib", "Tyuiu.IvanovSI.Sprint2.Task2.V23.Lib\Tyuiu.IvanovSI.Sprint2.Task2.V23.Lib.csproj", "{8350909C-D51B-454D-9094-2247C58A026D}"
EndProject
Project("{2150E333-8FDC-42A3-9474-1A3956D46DE8}") = "Task3", "Task3", "{56A3330C-45A9-4C8E-888C-A6A09DA024E2}"
EndProject
Project("{FAE04EC0-301F-11D3-BF4B-00C04F79EFBC}") = "Tyuiu.IvanovSI.Sprint2.Task3.V17", "Tyuiu.IvanovSI.Sprint2.Task3.V17\Tyuiu.IvanovSI.Sprint2.Task3.V17.csproj", "{22F8B073-BDDF-4950-AB51-FC3AAC5547EB}"
EndProject
Project("{FAE04EC0-301F-11D3-BF4B-00C04F79EFBC}") = "Tyuiu.IvanovSI.Sprint2.Task3.V17.Lib", "Tyuiu.IvanovSI.Sprint2.Task3.V17.Lib\Tyuiu.IvanovSI.Sprint2.Task3.V17.Lib.csproj", "{62D0A531-20D8-4A09-A408-C073C53DE970}"
EndProject
Project("{FAE04EC0-301F-11D3-BF4B-00C04F79EFBC}") = "Tyuiu.IvanovSI.Sprint2.Task3.V17.Test", "Tyuiu.IvanovSI.Sprint2.Task3.V17.Test\Tyuiu.IvanovSI.Sprint2.Task3.V17.Test.csproj", "{2DE3383B-74A8-4571-B9BE-17D115D9444E}"
EndProject
Project("{2150E333-8FDC-42A3-9474-1A3956D46DE8}") = "Task4", "Task4", "{6D0420AE-3FD7-4AE2-BC23-8FDEE7E89723}"
EndProject
Project("{FAE04EC0-301F-11D3-BF4B-00C04F79EFBC}") = "Tyuiu.IvanovSI.Sprint2.Task4.V11", "Tyuiu.IvanovSI.Sprint2.Task4.V11\Tyuiu.IvanovSI.Sprint2.Task4.V11.csproj", "{91F640C3-7BAD-486E-993F-AAD921A255C9}"
EndProject
Project("{FAE04EC0-301F-11D3-BF4B-00C04F79EFBC}") = "Tyuiu.IvanovSI.Sprint2.Task4.V11.Test", "Tyuiu.IvanovSI.Sprint2.Task4.V11.Test\Tyuiu.IvanovSI.Sprint2.Task4.V11.Test.csproj", "{D3FFBFEF-D331-46FD-B7EC-9EAB10B561B1}"
EndProject
Project("{FAE04EC0-301F-11D3-BF4B-00C04F79EFBC}") = "Tyuiu.IvanovSI.Sprint2.Task4.V11.Lib", "Tyuiu.IvanovSI.Sprint2.Task4.V11.Lib\Tyuiu.IvanovSI.Sprint2.Task4.V11.Lib.csproj", "{2A81CF18-777C-4D97-ADD6-4DB0D5033AA3}"
EndProject
Project("{2150E333-8FDC-42A3-9474-1A3956D46DE8}") = "Task5", "Task5", "{C980EF9E-9A50-4350-980C-BEAD347E1134}"
EndProject
Project("{FAE04EC0-301F-11D3-BF4B-00C04F79EFBC}") = "Tyuiu.IvanovSI.Sprint2.Task5.V13", "Tyuiu.IvanovSI.Sprint2.Task5.V13\Tyuiu.IvanovSI.Sprint2.Task5.V13.csproj", "{E9CDDB2E-EBE9-45E0-8E1B-2D874FE09177}"
EndProject
Project("{FAE04EC0-301F-11D3-BF4B-00C04F79EFBC}") = "Tyuiu.IvanovSI.Sprint2.Task5.V13.Lib", "Tyuiu.IvanovSI.Sprint2.Task5.V13.Lib\Tyuiu.IvanovSI.Sprint2.Task5.V13.Lib.csproj", "{9F278A6F-B3C8-4BF3-B720-BB693EEC8A5B}"
EndProject
Project("{FAE04EC0-301F-11D3-BF4B-00C04F79EFBC}") = "Tyuiu.IvanovSI.Sprint2.Task5.V13.Test", "Tyuiu.IvanovSI.Sprint2.Task5.V13.Test\Tyuiu.IvanovSI.Sprint2.Task5.V13.Test.csproj", "{15208660-1982-4E6B-95C3-0B63BE6FF420}"
EndProject
Project("{2150E333-8FDC-42A3-9474-1A3956D46DE8}") = "Task6", "Task6", "{2BA32BF2-8018-4317-A166-F6C13E039C78}"
EndProject
Project("{FAE04EC0-301F-11D3-BF4B-00C04F79EFBC}") = "Tyuiu.IvanovSI.Sprint2.Task6.V12", "Tyuiu.IvanovSI.Sprint2.Task6.V12\Tyuiu.IvanovSI.Sprint2.Task6.V12.csproj", "{C946F9E9-13CC-486B-800A-C36CD75357A0}"
EndProject
Project("{FAE04EC0-301F-11D3-BF4B-00C04F79EFBC}") = "Tyuiu.IvanovSI.Sprint2.Task6.V12.Test", "Tyuiu.IvanovSI.Sprint2.Task6.V12.Test\Tyuiu.IvanovSI.Sprint2.Task6.V12.Test.csproj", "{FE54E913-9E1F-4E40-A7EA-27888D0F4E1C}"
EndProject
Project("{FAE04EC0-301F-11D3-BF4B-00C04F79EFBC}") = "Tyuiu.IvanovSI.Sprint2.Task6.V12.Lib", "Tyuiu.IvanovSI.Sprint2.Task6.V12.Lib\Tyuiu.IvanovSI.Sprint2.Task6.V12.Lib.csproj", "{305FAAE0-0875-468C-AEC5-8922EEFF6159}"
EndProject
Project("{2150E333-8FDC-42A3-9474-1A3956D46DE8}") = "Task7", "Task7", "{041DE0DC-74F3-4932-8685-9E65184195B1}"
EndProject
Project("{FAE04EC0-301F-11D3-BF4B-00C04F79EFBC}") = "Tyuiu.IvanovSI.Sprint2.Task7.V9.Lib", "Tyuiu.IvanovSI.Sprint2.Task7.V9.Lib\Tyuiu.IvanovSI.Sprint2.Task7.V9.Lib.csproj", "{202997A2-0274-45A1-86E6-F785567C366A}"
EndProject
Project("{FAE04EC0-301F-11D3-BF4B-00C04F79EFBC}") = "Tyuiu.IvanovSI.Sprint2.Task7.V9.Test", "Tyuiu.IvanovSI.Sprint2.Task7.V9.Test\Tyuiu.IvanovSI.Sprint2.Task7.V9.Test.csproj", "{66C20C95-F03F-40CE-AF6F-076F1DF383CD}"
EndProject
Project("{FAE04EC0-301F-11D3-BF4B-00C04F79EFBC}") = "Tyuiu.IvanovSI.Sprint2.Task7.V9", "Tyuiu.IvanovSI.Sprint2.Task7.V9\Tyuiu.IvanovSI.Sprint2.Task7.V9.csproj", "{3EDECC9A-31F2-4EDA-B16B-324176888877}"
EndProject
Global
	GlobalSection(SolutionConfigurationPlatforms) = preSolution
		Debug|Any CPU = Debug|Any CPU
		Release|Any CPU = Release|Any CPU
	EndGlobalSection
	GlobalSection(ProjectConfigurationPlatforms) = postSolution
		{2644D78E-E9CE-4112-890A-5E9200AAE69A}.Debug|Any CPU.ActiveCfg = Debug|Any CPU
		{2644D78E-E9CE-4112-890A-5E9200AAE69A}.Debug|Any CPU.Build.0 = Debug|Any CPU
		{2644D78E-E9CE-4112-890A-5E9200AAE69A}.Release|Any CPU.ActiveCfg = Release|Any CPU
		{2644D78E-E9CE-4112-890A-5E9200AAE69A}.Release|Any CPU.Build.0 = Release|Any CPU
		{559E48D6-CFA3-4A56-9E60-B7BDFAE8981A}.Debug|Any CPU.ActiveCfg = Debug|Any CPU
		{559E48D6-CFA3-4A56-9E60-B7BDFAE8981A}.Debug|Any CPU.Build.0 = Debug|Any CPU
		{559E48D6-CFA3-4A56-9E60-B7BDFAE8981A}.Release|Any CPU.ActiveCfg = Release|Any CPU
		{559E48D6-CFA3-4A56-9E60-B7BDFAE8981A}.Release|Any CPU.Build.0 = Release|Any CPU
		{2C7711AB-D624-4784-A449-8471599B666B}.Debug|Any CPU.ActiveCfg = Debug|Any CPU
		{2C7711AB-D624-4784-A449-8471599B666B}.Debug|Any CPU.Build.0 = Debug|Any CPU
		{2C7711AB-D624-4784-A449-8471599B666B}.Release|Any CPU.ActiveCfg = Release|Any CPU
		{2C7711AB-D624-4784-A449-8471599B666B}.Release|Any CPU.Build.0 = Release|Any CPU
		{1FB29565-8452-4291-B118-939C916FB17A}.Debug|Any CPU.ActiveCfg = Debug|Any CPU
		{1FB29565-8452-4291-B118-939C916FB17A}.Debug|Any CPU.Build.0 = Debug|Any CPU
		{1FB29565-8452-4291-B118-939C916FB17A}.Release|Any CPU.ActiveCfg = Release|Any CPU
		{1FB29565-8452-4291-B118-939C916FB17A}.Release|Any CPU.Build.0 = Release|Any CPU
		{FC0317C5-CE8C-4323-9CF5-5A49A7AD6B6C}.Debug|Any CPU.ActiveCfg = Debug|Any CPU
		{FC0317C5-CE8C-4323-9CF5-5A49A7AD6B6C}.Debug|Any CPU.Build.0 = Debug|Any CPU
		{FC0317C5-CE8C-4323-9CF5-5A49A7AD6B6C}.Release|Any CPU.ActiveCfg = Release|Any CPU
		{FC0317C5-CE8C-4323-9CF5-5A49A7AD6B6C}.Release|Any CPU.Build.0 = Release|Any CPU
		{2459E4F7-20B4-4A0A-960F-B9029B8FE836}.Debug|Any CPU.ActiveCfg = Debug|Any CPU
		{2459E4F7-20B4-4A0A-960F-B9029B8FE836}.Debug|Any CPU.Build.0 = Debug|Any CPU
		{2459E4F7-20B4-4A0A-960F-B9029B8FE836}.Release|Any CPU.ActiveCfg = Release|Any CPU
		{2459E4F7-20B4-4A0A-960F-B9029B8FE836}.Release|Any CPU.Build.0 = Release|Any CPU
		{1666B356-6C00-4FF1-86D6-754A57710744}.Debug|Any CPU.ActiveCfg = Debug|Any CPU
		{1666B356-6C00-4FF1-86D6-754A57710744}.Debug|Any CPU.Build.0 = Debug|Any CPU
		{1666B356-6C00-4FF1-86D6-754A57710744}.Release|Any CPU.ActiveCfg = Release|Any CPU
		{1666B356-6C00-4FF1-86D6-754A57710744}.Release|Any CPU.Build.0 = Release|Any CPU
		{C15EA348-2536-4096-87D4-CC5E16D00A60}.Debug|Any CPU.ActiveCfg = Debug|Any CPU
		{C15EA348-2536-4096-87D4-CC5E16D00A60}.Debug|Any CPU.Build.0 = Debug|Any CPU
		{C15EA348-2536-4096-87D4-CC5E16D00A60}.Release|Any CPU.ActiveCfg = Release|Any CPU
		{C15EA348-2536-4096-87D4-CC5E16D00A60}.Release|Any CPU.Build.0 = Release|Any CPU
		{8350909C-D51B-454D-9094-2247C58A026D}.Debug|Any CPU.ActiveCfg = Debug|Any CPU
		{8350909C-D51B-454D-9094-2247C58A026D}.Debug|Any CPU.Build.0 = Debug|Any CPU
		{8350909C-D51B-454D-9094-2247C58A026D}.Release|Any CPU.ActiveCfg = Release|Any CPU
		{8350909C-D51B-454D-9094-2247C58A026D}.Release|Any CPU.Build.0 = Release|Any CPU
		{22F8B073-BDDF-4950-AB51-FC3AAC5547EB}.Debug|Any CPU.ActiveCfg = Debug|Any CPU
		{22F8B073-BDDF-4950-AB51-FC3AAC5547EB}.Debug|Any CPU.Build.0 = Debug|Any CPU
		{22F8B073-BDDF-4950-AB51-FC3AAC5547EB}.Release|Any CPU.ActiveCfg = Release|Any CPU
		{22F8B073-BDDF-4950-AB51-FC3AAC5547EB}.Release|Any CPU.Build.0 = Release|Any CPU
		{62D0A531-20D8-4A09-A408-C073C53DE970}.Debug|Any CPU.ActiveCfg = Debug|Any CPU
		{62D0A531-20D8-4A09-A408-C073C53DE970}.Debug|Any CPU.Build.0 = Debug|Any CPU
		{62D0A531-20D8-4A09-A408-C073C53DE970}.Release|Any CPU.ActiveCfg = Release|Any CPU
		{62D0A531-20D8-4A09-A408-C073C53DE970}.Release|Any CPU.Build.0 = Release|Any CPU
		{2DE3383B-74A8-4571-B9BE-17D115D9444E}.Debug|Any CPU.ActiveCfg = Debug|Any CPU
		{2DE3383B-74A8-4571-B9BE-17D115D9444E}.Debug|Any CPU.Build.0 = Debug|Any CPU
		{2DE3383B-74A8-4571-B9BE-17D115D9444E}.Release|Any CPU.ActiveCfg = Release|Any CPU
		{2DE3383B-74A8-4571-B9BE-17D115D9444E}.Release|Any CPU.Build.0 = Release|Any CPU
		{91F640C3-7BAD-486E-993F-AAD921A255C9}.Debug|Any CPU.ActiveCfg = Debug|Any CPU
		{91F640C3-7BAD-486E-993F-AAD921A255C9}.Debug|Any CPU.Build.0 = Debug|Any CPU
		{91F640C3-7BAD-486E-993F-AAD921A255C9}.Release|Any CPU.ActiveCfg = Release|Any CPU
		{91F640C3-7BAD-486E-993F-AAD921A255C9}.Release|Any CPU.Build.0 = Release|Any CPU
		{D3FFBFEF-D331-46FD-B7EC-9EAB10B561B1}.Debug|Any CPU.ActiveCfg = Debug|Any CPU
		{D3FFBFEF-D331-46FD-B7EC-9EAB10B561B1}.Debug|Any CPU.Build.0 = Debug|Any CPU
		{D3FFBFEF-D331-46FD-B7EC-9EAB10B561B1}.Release|Any CPU.ActiveCfg = Release|Any CPU
		{D3FFBFEF-D331-46FD-B7EC-9EAB10B561B1}.Release|Any CPU.Build.0 = Release|Any CPU
		{2A81CF18-777C-4D97-ADD6-4DB0D5033AA3}.Debug|Any CPU.ActiveCfg = Debug|Any CPU
		{2A81CF18-777C-4D97-ADD6-4DB0D5033AA3}.Debug|Any CPU.Build.0 = Debug|Any CPU
		{2A81CF18-777C-4D97-ADD6-4DB0D5033AA3}.Release|Any CPU.ActiveCfg = Release|Any CPU
		{2A81CF18-777C-4D97-ADD6-4DB0D5033AA3}.Release|Any CPU.Build.0 = Release|Any CPU
		{E9CDDB2E-EBE9-45E0-8E1B-2D874FE09177}.Debug|Any CPU.ActiveCfg = Debug|Any CPU
		{E9CDDB2E-EBE9-45E0-8E1B-2D874FE09177}.Debug|Any CPU.Build.0 = Debug|Any CPU
		{E9CDDB2E-EBE9-45E0-8E1B-2D874FE09177}.Release|Any CPU.ActiveCfg = Release|Any CPU
		{E9CDDB2E-EBE9-45E0-8E1B-2D874FE09177}.Release|Any CPU.Build.0 = Release|Any CPU
		{9F278A6F-B3C8-4BF3-B720-BB693EEC8A5B}.Debug|Any CPU.ActiveCfg = Debug|Any CPU
		{9F278A6F-B3C8-4BF3-B720-BB693EEC8A5B}.Debug|Any CPU.Build.0 = Debug|Any CPU
		{9F278A6F-B3C8-4BF3-B720-BB693EEC8A5B}.Release|Any CPU.ActiveCfg = Release|Any CPU
		{9F278A6F-B3C8-4BF3-B720-BB693EEC8A5B}.Release|Any CPU.Build.0 = Release|Any CPU
		{15208660-1982-4E6B-95C3-0B63BE6FF420}.Debug|Any CPU.ActiveCfg = Debug|Any CPU
		{15208660-1982-4E6B-95C3-0B63BE6FF420}.Debug|Any CPU.Build.0 = Debug|Any CPU
		{15208660-1982-4E6B-95C3-0B63BE6FF420}.Release|Any CPU.ActiveCfg = Release|Any CPU
		{15208660-1982-4E6B-95C3-0B63BE6FF420}.Release|Any CPU.Build.0 = Release|Any CPU
		{C946F9E9-13CC-486B-800A-C36CD75357A0}.Debug|Any CPU.ActiveCfg = Debug|Any CPU
		{C946F9E9-13CC-486B-800A-C36CD75357A0}.Debug|Any CPU.Build.0 = Debug|Any CPU
		{C946F9E9-13CC-486B-800A-C36CD75357A0}.Release|Any CPU.ActiveCfg = Release|Any CPU
		{C946F9E9-13CC-486B-800A-C36CD75357A0}.Release|Any CPU.Build.0 = Release|Any CPU
		{FE54E913-9E1F-4E40-A7EA-27888D0F4E1C}.Debug|Any CPU.ActiveCfg = Debug|Any CPU
		{FE54E913-9E1F-4E40-A7EA-27888D0F4E1C}.Debug|Any CPU.Build.0 = Debug|Any CPU
		{FE54E913-9E1F-4E40-A7EA-27888D0F4E1C}.Release|Any CPU.ActiveCfg = Release|Any CPU
		{FE54E913-9E1F-4E40-A7EA-27888D0F4E1C}.Release|Any CPU.Build.0 = Release|Any CPU
		{305FAAE0-0875-468C-AEC5-8922EEFF6159}.Debug|Any CPU.ActiveCfg = Debug|Any CPU
		{305FAAE0-0875-468C-AEC5-8922EEFF6159}.Debug|Any CPU.Build.0 = Debug|Any CPU
		{305FAAE0-0875-468C-AEC5-8922EEFF6159}.Release|Any CPU.ActiveCfg = Release|Any CPU
		{305FAAE0-0875-468C-AEC5-8922EEFF6159}.Release|Any CPU.Build.0 = Release|Any CPU
		{202997A2-0274-45A1-86E6-F785567C366A}.Debug|Any CPU.ActiveCfg = Debug|Any CPU
		{202997A2-0274-45A1-86E6-F785567C366A}.Debug|Any CPU.Build.0 = Debug|Any CPU
		{202997A2-0274-45A1-86E6-F785567C366A}.Release|Any CPU.ActiveCfg = Release|Any CPU
		{202997A2-0274-45A1-86E6-F785567C366A}.Release|Any CPU.Build.0 = Release|Any CPU
		{66C20C95-F03F-40CE-AF6F-076F1DF383CD}.Debug|Any CPU.ActiveCfg = Debug|Any CPU
		{66C20C95-F03F-40CE-AF6F-076F1DF383CD}.Debug|Any CPU.Build.0 = Debug|Any CPU
		{66C20C95-F03F-40CE-AF6F-076F1DF383CD}.Release|Any CPU.ActiveCfg = Release|Any CPU
		{66C20C95-F03F-40CE-AF6F-076F1DF383CD}.Release|Any CPU.Build.0 = Release|Any CPU
		{3EDECC9A-31F2-4EDA-B16B-324176888877}.Debug|Any CPU.ActiveCfg = Debug|Any CPU
		{3EDECC9A-31F2-4EDA-B16B-324176888877}.Debug|Any CPU.Build.0 = Debug|Any CPU
		{3EDECC9A-31F2-4EDA-B16B-324176888877}.Release|Any CPU.ActiveCfg = Release|Any CPU
		{3EDECC9A-31F2-4EDA-B16B-324176888877}.Release|Any CPU.Build.0 = Release|Any CPU
	EndGlobalSection
	GlobalSection(SolutionProperties) = preSolution
		HideSolutionNode = FALSE
	EndGlobalSection
	GlobalSection(NestedProjects) = preSolution
		{2644D78E-E9CE-4112-890A-5E9200AAE69A} = {4D6832B0-7D70-45DB-8F10-5516E71C3706}
		{559E48D6-CFA3-4A56-9E60-B7BDFAE8981A} = {4D6832B0-7D70-45DB-8F10-5516E71C3706}
		{2C7711AB-D624-4784-A449-8471599B666B} = {4D6832B0-7D70-45DB-8F10-5516E71C3706}
		{1FB29565-8452-4291-B118-939C916FB17A} = {3078135D-2844-470E-BA33-E58031EA913D}
		{FC0317C5-CE8C-4323-9CF5-5A49A7AD6B6C} = {3078135D-2844-470E-BA33-E58031EA913D}
		{2459E4F7-20B4-4A0A-960F-B9029B8FE836} = {3078135D-2844-470E-BA33-E58031EA913D}
		{1666B356-6C00-4FF1-86D6-754A57710744} = {DB8B5437-B8C0-4761-87AA-D90B312C283D}
		{C15EA348-2536-4096-87D4-CC5E16D00A60} = {DB8B5437-B8C0-4761-87AA-D90B312C283D}
		{8350909C-D51B-454D-9094-2247C58A026D} = {DB8B5437-B8C0-4761-87AA-D90B312C283D}
		{22F8B073-BDDF-4950-AB51-FC3AAC5547EB} = {56A3330C-45A9-4C8E-888C-A6A09DA024E2}
		{62D0A531-20D8-4A09-A408-C073C53DE970} = {56A3330C-45A9-4C8E-888C-A6A09DA024E2}
		{2DE3383B-74A8-4571-B9BE-17D115D9444E} = {56A3330C-45A9-4C8E-888C-A6A09DA024E2}
		{91F640C3-7BAD-486E-993F-AAD921A255C9} = {6D0420AE-3FD7-4AE2-BC23-8FDEE7E89723}
		{D3FFBFEF-D331-46FD-B7EC-9EAB10B561B1} = {6D0420AE-3FD7-4AE2-BC23-8FDEE7E89723}
		{2A81CF18-777C-4D97-ADD6-4DB0D5033AA3} = {6D0420AE-3FD7-4AE2-BC23-8FDEE7E89723}
		{E9CDDB2E-EBE9-45E0-8E1B-2D874FE09177} = {C980EF9E-9A50-4350-980C-BEAD347E1134}
		{9F278A6F-B3C8-4BF3-B720-BB693EEC8A5B} = {C980EF9E-9A50-4350-980C-BEAD347E1134}
		{15208660-1982-4E6B-95C3-0B63BE6FF420} = {C980EF9E-9A50-4350-980C-BEAD347E1134}
		{C946F9E9-13CC-486B-800A-C36CD75357A0} = {2BA32BF2-8018-4317-A166-F6C13E039C78}
		{FE54E913-9E1F-4E40-A7EA-27888D0F4E1C} = {2BA32BF2-8018-4317-A166-F6C13E039C78}
		{305FAAE0-0875-468C-AEC5-8922EEFF6159} = {2BA32BF2-8018-4317-A166-F6C13E039C78}
		{202997A2-0274-45A1-86E6-F785567C366A} = {041DE0DC-74F3-4932-8685-9E65184195B1}
		{66C20C95-F03F-40CE-AF6F-076F1DF383CD} = {041DE0DC-74F3-4932-8685-9E65184195B1}
		{3EDECC9A-31F2-4EDA-B16B-324176888877} = {041DE0DC-74F3-4932-8685-9E65184195B1}
	EndGlobalSection
	GlobalSection(ExtensibilityGlobals) = postSolution
		SolutionGuid = {DF579907-DCE0-4183-A70A-BCA7EF56312E}
	EndGlobalSection
EndGlobal
