
Microsoft Visual Studio Solution File, Format Version 12.00
# Visual Studio Version 16
VisualStudioVersion = 16.0.34031.81
MinimumVisualStudioVersion = 10.0.40219.1
Project("{2150E333-8FDC-42A3-9474-1A3956D46DE8}") = "Task0", "Task0", "{4D6832B0-7D70-45DB-8F10-5516E71C3706}"
EndProject
Project("{FAE04EC0-301F-11D3-BF4B-00C04F79EFBC}") = "Tyuiu.IvanovSI.Sprint2.Task0.V8.Test", "Tyuiu.IvanovSI.Sprint2.Task0.V8.Test\Tyuiu.IvanovSI.Sprint2.Task0.V8.Test.csproj", "{2644D78E-E9CE-4112-890A-5E9200AAE69A}"
EndProject
Project("{FAE04EC0-301F-11D3-BF4B-00C04F79EFBC}") = "Tyuiu.IvanovSI.Sprint2.Task0.V8.Lib", "Tyuiu.IvanovSI.Sprint2.Task0.V8.Lib\Tyuiu.IvanovSI.Sprint2.Task0.V8.Lib.csproj", "{559E48D6-CFA3-4A56-9E60-B7BDFAE8981A}"
EndProject
Project("{FAE04EC0-301F-11D3-BF4B-00C04F79EFBC}") = "Tyuiu.IvanovSI.Sprint2.Task0.V8", "Tyuiu.IvanovSI.Sprint2.Task0.V8\Tyuiu.IvanovSI.Sprint2.Task0.V8.csproj", "{2C7711AB-D624-4784-A449-8471599B666B}"
EndProject
Project("{2150E333-8FDC-42A3-9474-1A3956D46DE8}") = "Task1", "Task1", "{3078135D-2844-470E-BA33-E58031EA913D}"
EndProject
Project("{FAE04EC0-301F-11D3-BF4B-00C04F79EFBC}") = "Tyuiu.IvanovSI.Sprint2.Task1.V11", "Tyuiu.IvanovSI.Sprint2.Task1.V11\Tyuiu.IvanovSI.Sprint2.Task1.V11.csproj", "{1FB29565-8452-4291-B118-939C916FB17A}"
EndProject
Project("{FAE04EC0-301F-11D3-BF4B-00C04F79EFBC}") = "Tyuiu.IvanovSI.Sprint2.Task1.V11.Lib", "Tyuiu.IvanovSI.Sprint2.Task1.V11.Lib\Tyuiu.IvanovSI.Sprint2.Task1.V11.Lib.csproj", "{FC0317C5-CE8C-4323-9CF5-5A49A7AD6B6C}"
EndProject
Project("{FAE04EC0-301F-11D3-BF4B-00C04F79EFBC}") = "Tyuiu.IvanovSI.Sprint2.Task1.V11.Test", "Tyuiu.IvanovSI.Sprint2.Task1.V11.Test\Tyuiu.IvanovSI.Sprint2.Task1.V11.Test.csproj", "{2459E4F7-20B4-4A0A-960F-B9029B8FE836}"
EndProject
Project("{2150E333-8FDC-42A3-9474-1A3956D46DE8}") = "Task2", "Task2", "{DB8B5437-B8C0-4761-87AA-D90B312C283D}"
EndProject
Project("{FAE04EC0-301F-11D3-BF4B-00C04F79EFBC}") = "Tyuiu.IvanovSI.Sprint2.Task2.V23", "Tyuiu.IvanovSI.Sprint2.Task2.V23\Tyuiu.IvanovSI.Sprint2.Task2.V23.csproj", "{1666B356-6C00-4FF1-86D6-754A57710744}"
EndProject
Project("{FAE04EC0-301F-11D3-BF4B-00C04F79EFBC}") = "Tyuiu.IvanovSI.Sprint2.Task2.V23.Test", "Tyuiu.IvanovSI.Sprint2.Task2.V23.Test\Tyuiu.IvanovSI.Sprint2.Task2.V23.Test.csproj", "{C15EA348-2536-4096-87D4-CC5E16D00A60}"
EndProject
Project("{FAE04EC0-301F-11D3-BF4B-00C04F79EFBC}") = "Tyuiu.IvanovSI.Sprint2.Task2.V23.Lib", "Tyuiu.IvanovSI.Sprint2.Task2.V23.Lib\Tyuiu.IvanovSI.Sprint2.Task2.V23.Lib.csproj", "{8350909C-D51B-454D-9094-2247C58A026D}"
EndProject
Project("{2150E333-8FDC-42A3-9474-1A3956D46DE8}") = "Task3", "Task3", "{56A3330C-45A9-4C8E-888C-A6A09DA024E2}"
EndProject
Project("{FAE04EC0-301F-11D3-BF4B-00C04F79EFBC}") = "Tyuiu.IvanovSI.Sprint2.Task3.V17", "Tyuiu.IvanovSI.Sprint2.Task3.V17\Tyuiu.IvanovSI.Sprint2.Task3.V17.csproj", "{22F8B073-BDDF-4950-AB51-FC3AAC5547EB}"
EndProject
Project("{FAE04EC0-301F-11D3-BF4B-00C04F79EFBC}") = "Tyuiu.IvanovSI.Sprint2.Task3.V17.Lib", "Tyuiu.IvanovSI.Sprint2.Task3.V17.Lib\Tyuiu.IvanovSI.Sprint2.Task3.V17.Lib.csproj", "{62D0A531-20D8-4A09-A408-C073C53DE970}"
EndProject
Project("{FAE04EC0-301F-11D3-BF4B-00C04F79EFBC}") = "Tyuiu.IvanovSI.Sprint2.Task3.V17.Test", "Tyuiu.IvanovSI.Sprint2.Task3.V17.Test\Tyuiu.IvanovSI.Sprint2.Task3.V17.Test.csproj", "{2DE3383B-74A8-4571-B9BE-17D115D9444E}"
EndProject
Global
	GlobalSection(SolutionConfigurationPlatforms) = preSolution
		Debug|Any CPU = Debug|Any CPU
		Release|Any CPU = Release|Any CPU
	EndGlobalSection
	GlobalSection(ProjectConfigurationPlatforms) = postSolution
		{2644D78E-E9CE-4112-890A-5E9200AAE69A}.Debug|Any CPU.ActiveCfg = Debug|Any CPU
		{2644D78E-E9CE-4112-890A-5E9200AAE69A}.Debug|Any CPU.Build.0 = Debug|Any CPU
		{2644D78E-E9CE-4112-890A-5E9200AAE69A}.Release|Any CPU.ActiveCfg = Release|Any CPU
		{2644D78E-E9CE-4112-890A-5E9200AAE69A}.Release|Any CPU.Build.0 = Release|Any CPU
		{559E48D6-CFA3-4A56-9E60-B7BDFAE8981A}.Debug|Any CPU.ActiveCfg = Debug|Any CPU
		{559E48D6-CFA3-4A56-9E60-B7BDFAE8981A}.Debug|Any CPU.Build.0 = Debug|Any CPU
		{559E48D6-CFA3-4A56-9E60-B7BDFAE8981A}.Release|Any CPU.ActiveCfg = Release|Any CPU
		{559E48D6-CFA3-4A56-9E60-B7BDFAE8981A}.Release|Any CPU.Build.0 = Release|Any CPU
		{2C7711AB-D624-4784-A449-8471599B666B}.Debug|Any CPU.ActiveCfg = Debug|Any CPU
		{2C7711AB-D624-4784-A449-8471599B666B}.Debug|Any CPU.Build.0 = Debug|Any CPU
		{2C7711AB-D624-4784-A449-8471599B666B}.Release|Any CPU.ActiveCfg = Release|Any CPU
		{2C7711AB-D624-4784-A449-8471599B666B}.Release|Any CPU.Build.0 = Release|Any CPU
		{1FB29565-8452-4291-B118-939C916FB17A}.Debug|Any CPU.ActiveCfg = Debug|Any CPU
		{1FB29565-8452-4291-B118-939C916FB17A}.Debug|Any CPU.Build.0 = Debug|Any CPU
		{1FB29565-8452-4291-B118-939C916FB17A}.Release|Any CPU.ActiveCfg = Release|Any CPU
		{1FB29565-8452-4291-B118-939C916FB17A}.Release|Any CPU.Build.0 = Release|Any CPU
		{FC0317C5-CE8C-4323-9CF5-5A49A7AD6B6C}.Debug|Any CPU.ActiveCfg = Debug|Any CPU
		{FC0317C5-CE8C-4323-9CF5-5A49A7AD6B6C}.Debug|Any CPU.Build.0 = Debug|Any CPU
		{FC0317C5-CE8C-4323-9CF5-5A49A7AD6B6C}.Release|Any CPU.ActiveCfg = Release|Any CPU
		{FC0317C5-CE8C-4323-9CF5-5A49A7AD6B6C}.Release|Any CPU.Build.0 = Release|Any CPU
		{2459E4F7-20B4-4A0A-960F-B9029B8FE836}.Debug|Any CPU.ActiveCfg = Debug|Any CPU
		{2459E4F7-20B4-4A0A-960F-B9029B8FE836}.Debug|Any CPU.Build.0 = Debug|Any CPU
		{2459E4F7-20B4-4A0A-960F-B9029B8FE836}.Release|Any CPU.ActiveCfg = Release|Any CPU
		{2459E4F7-20B4-4A0A-960F-B9029B8FE836}.Release|Any CPU.Build.0 = Release|Any CPU
		{1666B356-6C00-4FF1-86D6-754A57710744}.Debug|Any CPU.ActiveCfg = Debug|Any CPU
		{1666B356-6C00-4FF1-86D6-754A57710744}.Debug|Any CPU.Build.0 = Debug|Any CPU
		{1666B356-6C00-4FF1-86D6-754A57710744}.Release|Any CPU.ActiveCfg = Release|Any CPU
		{1666B356-6C00-4FF1-86D6-754A57710744}.Release|Any CPU.Build.0 = Release|Any CPU
		{C15EA348-2536-4096-87D4-CC5E16D00A60}.Debug|Any CPU.ActiveCfg = Debug|Any CPU
		{C15EA348-2536-4096-87D4-CC5E16D00A60}.Debug|Any CPU.Build.0 = Debug|Any CPU
		{C15EA348-2536-4096-87D4-CC5E16D00A60}.Release|Any CPU.ActiveCfg = Release|Any CPU
		{C15EA348-2536-4096-87D4-CC5E16D00A60}.Release|Any CPU.Build.0 = Release|Any CPU
		{8350909C-D51B-454D-9094-2247C58A026D}.Debug|Any CPU.ActiveCfg = Debug|Any CPU
		{8350909C-D51B-454D-9094-2247C58A026D}.Debug|Any CPU.Build.0 = Debug|Any CPU
		{8350909C-D51B-454D-9094-2247C58A026D}.Release|Any CPU.ActiveCfg = Release|Any CPU
		{8350909C-D51B-454D-9094-2247C58A026D}.Release|Any CPU.Build.0 = Release|Any CPU
		{22F8B073-BDDF-4950-AB51-FC3AAC5547EB}.Debug|Any CPU.ActiveCfg = Debug|Any CPU
		{22F8B073-BDDF-4950-AB51-FC3AAC5547EB}.Debug|Any CPU.Build.0 = Debug|Any CPU
		{22F8B073-BDDF-4950-AB51-FC3AAC5547EB}.Release|Any CPU.ActiveCfg = Release|Any CPU
		{22F8B073-BDDF-4950-AB51-FC3AAC5547EB}.Release|Any CPU.Build.0 = Release|Any CPU
		{62D0A531-20D8-4A09-A408-C073C53DE970}.Debug|Any CPU.ActiveCfg = Debug|Any CPU
		{62D0A531-20D8-4A09-A408-C073C53DE970}.Debug|Any CPU.Build.0 = Debug|Any CPU
		{62D0A531-20D8-4A09-A408-C073C53DE970}.Release|Any CPU.ActiveCfg = Release|Any CPU
		{62D0A531-20D8-4A09-A408-C073C53DE970}.Release|Any CPU.Build.0 = Release|Any CPU
		{2DE3383B-74A8-4571-B9BE-17D115D9444E}.Debug|Any CPU.ActiveCfg = Debug|Any CPU
		{2DE3383B-74A8-4571-B9BE-17D115D9444E}.Debug|Any CPU.Build.0 = Debug|Any CPU
		{2DE3383B-74A8-4571-B9BE-17D115D9444E}.Release|Any CPU.ActiveCfg = Release|Any CPU
		{2DE3383B-74A8-4571-B9BE-17D115D9444E}.Release|Any CPU.Build.0 = Release|Any CPU
	EndGlobalSection
	GlobalSection(SolutionProperties) = preSolution
		HideSolutionNode = FALSE
	EndGlobalSection
	GlobalSection(NestedProjects) = preSolution
		{2644D78E-E9CE-4112-890A-5E9200AAE69A} = {4D6832B0-7D70-45DB-8F10-5516E71C3706}
		{559E48D6-CFA3-4A56-9E60-B7BDFAE8981A} = {4D6832B0-7D70-45DB-8F10-5516E71C3706}
		{2C7711AB-D624-4784-A449-8471599B666B} = {4D6832B0-7D70-45DB-8F10-5516E71C3706}
		{1FB29565-8452-4291-B118-939C916FB17A} = {3078135D-2844-470E-BA33-E58031EA913D}
		{FC0317C5-CE8C-4323-9CF5-5A49A7AD6B6C} = {3078135D-2844-470E-BA33-E58031EA913D}
		{2459E4F7-20B4-4A0A-960F-B9029B8FE836} = {3078135D-2844-470E-BA33-E58031EA913D}
		{1666B356-6C00-4FF1-86D6-754A57710744} = {DB8B5437-B8C0-4761-87AA-D90B312C283D}
		{C15EA348-2536-4096-87D4-CC5E16D00A60} = {DB8B5437-B8C0-4761-87AA-D90B312C283D}
		{8350909C-D51B-454D-9094-2247C58A026D} = {DB8B5437-B8C0-4761-87AA-D90B312C283D}
		{22F8B073-BDDF-4950-AB51-FC3AAC5547EB} = {56A3330C-45A9-4C8E-888C-A6A09DA024E2}
		{62D0A531-20D8-4A09-A408-C073C53DE970} = {56A3330C-45A9-4C8E-888C-A6A09DA024E2}
		{2DE3383B-74A8-4571-B9BE-17D115D9444E} = {56A3330C-45A9-4C8E-888C-A6A09DA024E2}
	EndGlobalSection
	GlobalSection(ExtensibilityGlobals) = postSolution
		SolutionGuid = {DF579907-DCE0-4183-A70A-BCA7EF56312E}
	EndGlobalSection
EndGlobal
